# This file is automatically @generated by Poetry 1.8.3 and should not be changed by hand.

[[package]]
name = "black"
version = "24.8.0"
description = "The uncompromising code formatter."
optional = false
python-versions = ">=3.8"
files = [
    {file = "black-24.8.0-cp310-cp310-macosx_10_9_x86_64.whl", hash = "sha256:09cdeb74d494ec023ded657f7092ba518e8cf78fa8386155e4a03fdcc44679e6"},
    {file = "black-24.8.0-cp310-cp310-macosx_11_0_arm64.whl", hash = "sha256:81c6742da39f33b08e791da38410f32e27d632260e599df7245cccee2064afeb"},
    {file = "black-24.8.0-cp310-cp310-manylinux_2_17_x86_64.manylinux2014_x86_64.manylinux_2_28_x86_64.whl", hash = "sha256:707a1ca89221bc8a1a64fb5e15ef39cd755633daa672a9db7498d1c19de66a42"},
    {file = "black-24.8.0-cp310-cp310-win_amd64.whl", hash = "sha256:d6417535d99c37cee4091a2f24eb2b6d5ec42b144d50f1f2e436d9fe1916fe1a"},
    {file = "black-24.8.0-cp311-cp311-macosx_10_9_x86_64.whl", hash = "sha256:fb6e2c0b86bbd43dee042e48059c9ad7830abd5c94b0bc518c0eeec57c3eddc1"},
    {file = "black-24.8.0-cp311-cp311-macosx_11_0_arm64.whl", hash = "sha256:837fd281f1908d0076844bc2b801ad2d369c78c45cf800cad7b61686051041af"},
    {file = "black-24.8.0-cp311-cp311-manylinux_2_17_x86_64.manylinux2014_x86_64.manylinux_2_28_x86_64.whl", hash = "sha256:62e8730977f0b77998029da7971fa896ceefa2c4c4933fcd593fa599ecbf97a4"},
    {file = "black-24.8.0-cp311-cp311-win_amd64.whl", hash = "sha256:72901b4913cbac8972ad911dc4098d5753704d1f3c56e44ae8dce99eecb0e3af"},
    {file = "black-24.8.0-cp312-cp312-macosx_10_9_x86_64.whl", hash = "sha256:7c046c1d1eeb7aea9335da62472481d3bbf3fd986e093cffd35f4385c94ae368"},
    {file = "black-24.8.0-cp312-cp312-macosx_11_0_arm64.whl", hash = "sha256:649f6d84ccbae73ab767e206772cc2d7a393a001070a4c814a546afd0d423aed"},
    {file = "black-24.8.0-cp312-cp312-manylinux_2_17_x86_64.manylinux2014_x86_64.manylinux_2_28_x86_64.whl", hash = "sha256:2b59b250fdba5f9a9cd9d0ece6e6d993d91ce877d121d161e4698af3eb9c1018"},
    {file = "black-24.8.0-cp312-cp312-win_amd64.whl", hash = "sha256:6e55d30d44bed36593c3163b9bc63bf58b3b30e4611e4d88a0c3c239930ed5b2"},
    {file = "black-24.8.0-cp38-cp38-macosx_10_9_x86_64.whl", hash = "sha256:505289f17ceda596658ae81b61ebbe2d9b25aa78067035184ed0a9d855d18afd"},
    {file = "black-24.8.0-cp38-cp38-macosx_11_0_arm64.whl", hash = "sha256:b19c9ad992c7883ad84c9b22aaa73562a16b819c1d8db7a1a1a49fb7ec13c7d2"},
    {file = "black-24.8.0-cp38-cp38-manylinux_2_17_x86_64.manylinux2014_x86_64.manylinux_2_28_x86_64.whl", hash = "sha256:1f13f7f386f86f8121d76599114bb8c17b69d962137fc70efe56137727c7047e"},
    {file = "black-24.8.0-cp38-cp38-win_amd64.whl", hash = "sha256:f490dbd59680d809ca31efdae20e634f3fae27fba3ce0ba3208333b713bc3920"},
    {file = "black-24.8.0-cp39-cp39-macosx_10_9_x86_64.whl", hash = "sha256:eab4dd44ce80dea27dc69db40dab62d4ca96112f87996bca68cd75639aeb2e4c"},
    {file = "black-24.8.0-cp39-cp39-macosx_11_0_arm64.whl", hash = "sha256:3c4285573d4897a7610054af5a890bde7c65cb466040c5f0c8b732812d7f0e5e"},
    {file = "black-24.8.0-cp39-cp39-manylinux_2_17_x86_64.manylinux2014_x86_64.manylinux_2_28_x86_64.whl", hash = "sha256:9e84e33b37be070ba135176c123ae52a51f82306def9f7d063ee302ecab2cf47"},
    {file = "black-24.8.0-cp39-cp39-win_amd64.whl", hash = "sha256:73bbf84ed136e45d451a260c6b73ed674652f90a2b3211d6a35e78054563a9bb"},
    {file = "black-24.8.0-py3-none-any.whl", hash = "sha256:972085c618ee94f402da1af548a4f218c754ea7e5dc70acb168bfaca4c2542ed"},
    {file = "black-24.8.0.tar.gz", hash = "sha256:2500945420b6784c38b9ee885af039f5e7471ef284ab03fa35ecdde4688cd83f"},
]

[package.dependencies]
click = ">=8.0.0"
mypy-extensions = ">=0.4.3"
packaging = ">=22.0"
pathspec = ">=0.9.0"
platformdirs = ">=2"
tomli = {version = ">=1.1.0", markers = "python_version < \"3.11\""}
typing-extensions = {version = ">=4.0.1", markers = "python_version < \"3.11\""}

[package.extras]
colorama = ["colorama (>=0.4.3)"]
d = ["aiohttp (>=3.7.4)", "aiohttp (>=3.7.4,!=3.9.0)"]
jupyter = ["ipython (>=7.8.0)", "tokenize-rt (>=3.2.0)"]
uvloop = ["uvloop (>=0.15.2)"]

[[package]]
name = "click"
version = "8.1.7"
description = "Composable command line interface toolkit"
optional = false
python-versions = ">=3.7"
files = [
    {file = "click-8.1.7-py3-none-any.whl", hash = "sha256:ae74fb96c20a0277a1d615f1e4d73c8414f5a98db8b799a7931d1582f3390c28"},
    {file = "click-8.1.7.tar.gz", hash = "sha256:ca9853ad459e787e2192211578cc907e7594e294c7ccc834310722b41b9ca6de"},
]

[package.dependencies]
colorama = {version = "*", markers = "platform_system == \"Windows\""}

[[package]]
name = "colorama"
version = "0.4.6"
description = "Cross-platform colored terminal text."
optional = false
python-versions = "!=3.0.*,!=3.1.*,!=3.2.*,!=3.3.*,!=3.4.*,!=3.5.*,!=3.6.*,>=2.7"
files = [
    {file = "colorama-0.4.6-py2.py3-none-any.whl", hash = "sha256:4f1d9991f5acc0ca119f9d443620b77f9d6b33703e51011c16baf57afb285fc6"},
    {file = "colorama-0.4.6.tar.gz", hash = "sha256:08695f5cb7ed6e0531a20572697297273c47b8cae5a63ffc6d6ed5c201be6e44"},
]

[[package]]
name = "mypy-extensions"
version = "1.0.0"
description = "Type system extensions for programs checked with the mypy type checker."
optional = false
python-versions = ">=3.5"
files = [
    {file = "mypy_extensions-1.0.0-py3-none-any.whl", hash = "sha256:4392f6c0eb8a5668a69e23d168ffa70f0be9ccfd32b5cc2d26a34ae5b844552d"},
    {file = "mypy_extensions-1.0.0.tar.gz", hash = "sha256:75dbf8955dc00442a438fc4d0666508a9a97b6bd41aa2f0ffe9d2f2725af0782"},
]

[[package]]
name = "packaging"
version = "24.1"
description = "Core utilities for Python packages"
optional = false
python-versions = ">=3.8"
files = [
    {file = "packaging-24.1-py3-none-any.whl", hash = "sha256:5b8f2217dbdbd2f7f384c41c628544e6d52f2d0f53c6d0c3ea61aa5d1d7ff124"},
    {file = "packaging-24.1.tar.gz", hash = "sha256:026ed72c8ed3fcce5bf8950572258698927fd1dbda10a5e981cdf0ac37f4f002"},
]

[[package]]
name = "pathspec"
version = "0.12.1"
description = "Utility library for gitignore style pattern matching of file paths."
optional = false
python-versions = ">=3.8"
files = [
    {file = "pathspec-0.12.1-py3-none-any.whl", hash = "sha256:a0d503e138a4c123b27490a4f7beda6a01c6f288df0e4a8b79c7eb0dc7b4cc08"},
    {file = "pathspec-0.12.1.tar.gz", hash = "sha256:a482d51503a1ab33b1c67a6c3813a26953dbdc71c31dacaef9a838c4e29f5712"},
]

[[package]]
name = "platformdirs"
version = "4.2.2"
description = "A small Python package for determining appropriate platform-specific dirs, e.g. a `user data dir`."
optional = false
python-versions = ">=3.8"
files = [
    {file = "platformdirs-4.2.2-py3-none-any.whl", hash = "sha256:2d7a1657e36a80ea911db832a8a6ece5ee53d8de21edd5cc5879af6530b1bfee"},
    {file = "platformdirs-4.2.2.tar.gz", hash = "sha256:38b7b51f512eed9e84a22788b4bce1de17c0adb134d6becb09836e37d8654cd3"},
]

[package.extras]
docs = ["furo (>=2023.9.10)", "proselint (>=0.13)", "sphinx (>=7.2.6)", "sphinx-autodoc-typehints (>=1.25.2)"]
test = ["appdirs (==1.4.4)", "covdefaults (>=2.3)", "pytest (>=7.4.3)", "pytest-cov (>=4.1)", "pytest-mock (>=3.12)"]
type = ["mypy (>=1.8)"]

[[package]]
name = "pyqt5"
version = "5.15.11"
description = "Python bindings for the Qt cross platform application toolkit"
optional = false
python-versions = ">=3.8"
files = [
    {file = "PyQt5-5.15.11-cp38-abi3-macosx_11_0_arm64.whl", hash = "sha256:c8b03dd9380bb13c804f0bdb0f4956067f281785b5e12303d529f0462f9afdc2"},
    {file = "PyQt5-5.15.11-cp38-abi3-macosx_11_0_x86_64.whl", hash = "sha256:6cd75628f6e732b1ffcfe709ab833a0716c0445d7aec8046a48d5843352becb6"},
    {file = "PyQt5-5.15.11-cp38-abi3-manylinux_2_17_x86_64.whl", hash = "sha256:cd672a6738d1ae33ef7d9efa8e6cb0a1525ecf53ec86da80a9e1b6ec38c8d0f1"},
    {file = "PyQt5-5.15.11-cp38-abi3-win32.whl", hash = "sha256:76be0322ceda5deecd1708a8d628e698089a1cea80d1a49d242a6d579a40babd"},
    {file = "PyQt5-5.15.11-cp38-abi3-win_amd64.whl", hash = "sha256:bdde598a3bb95022131a5c9ea62e0a96bd6fb28932cc1619fd7ba211531b7517"},
    {file = "PyQt5-5.15.11.tar.gz", hash = "sha256:fda45743ebb4a27b4b1a51c6d8ef455c4c1b5d610c90d2934c7802b5c1557c52"},
]

[package.dependencies]
PyQt5-Qt5 = ">=5.15.2,<5.16.0"
PyQt5-sip = ">=12.15,<13"

[[package]]
name = "pyqt5-qt5"
version = "5.15.14"
description = "The subset of a Qt installation needed by PyQt5."
optional = false
python-versions = "*"
files = [
    {file = "PyQt5_Qt5-5.15.14-py3-none-macosx_10_13_x86_64.whl", hash = "sha256:c89b35b2aaf24d2805cc76fe31880c77b7f7557db8aafb26f1015f1bba7031d6"},
    {file = "PyQt5_Qt5-5.15.14-py3-none-macosx_11_0_arm64.whl", hash = "sha256:730da7e6a97f6bad1b6df21082fe625647730418bc83e20cbc2ff6401ed0a8be"},
    {file = "PyQt5_Qt5-5.15.14-py3-none-manylinux2014_x86_64.whl", hash = "sha256:aa3911276b1a1aa9b5b9cba687ef905faddd706980d34e234312591c3d3cbef8"},
]

[[package]]
name = "pyqt5-sip"
version = "12.15.0"
description = "The sip module support for PyQt5"
optional = false
python-versions = ">=3.8"
files = [
    {file = "PyQt5_sip-12.15.0-cp310-cp310-macosx_10_9_universal2.whl", hash = "sha256:749f7a3ffd6e3d2d5db65ed92c95cbd14490631595c61f0c0672c9238bfb17de"},
    {file = "PyQt5_sip-12.15.0-cp310-cp310-manylinux_2_5_x86_64.manylinux1_x86_64.whl", hash = "sha256:b4adc529fa4ec05728e14ea55194d907cc51f18d6f2ac5cc9f6eb52ac038aa0f"},
    {file = "PyQt5_sip-12.15.0-cp310-cp310-win32.whl", hash = "sha256:83d247cdc43ef224410b14c97413067ea26356dfa39e9ed0fe702a31e25710b0"},
    {file = "PyQt5_sip-12.15.0-cp310-cp310-win_amd64.whl", hash = "sha256:13f0c6a78e781255863e3e160304648efaf62276b7102741af637b63a6e96930"},
    {file = "PyQt5_sip-12.15.0-cp311-cp311-macosx_10_9_universal2.whl", hash = "sha256:855563d4d3b59ce7438bbf2dd32fed2707787defa40f3efe94f204a19ef92b25"},
    {file = "PyQt5_sip-12.15.0-cp311-cp311-manylinux_2_5_x86_64.manylinux1_x86_64.whl", hash = "sha256:0b718a362f4392430903bbb2a4b9bbff9841a16a52f0cfdd5b5bbd9d11457980"},
    {file = "PyQt5_sip-12.15.0-cp311-cp311-win32.whl", hash = "sha256:2575f428de584a12009fd29d00c89df16ed101a3b38beba818dfdcbc4a10709c"},
    {file = "PyQt5_sip-12.15.0-cp311-cp311-win_amd64.whl", hash = "sha256:c85be433fbafcb3d417581c0e1b67c8198d23858166e4f938e971c2262c13cdb"},
    {file = "PyQt5_sip-12.15.0-cp312-cp312-macosx_10_9_universal2.whl", hash = "sha256:852b75cf208825602480e95ab63314108f872d0da251e9ad3deaaff5a183a6f5"},
    {file = "PyQt5_sip-12.15.0-cp312-cp312-manylinux_2_5_x86_64.manylinux1_x86_64.whl", hash = "sha256:0cd21c3215e3c47fdd5fa7a2dc3dd1e07a7230b0626e905a7217925068c788b9"},
    {file = "PyQt5_sip-12.15.0-cp312-cp312-win32.whl", hash = "sha256:b58eeedc9b2a3037b136bf96915196c391a33be470ed1c0723d7163ef0b727a2"},
    {file = "PyQt5_sip-12.15.0-cp312-cp312-win_amd64.whl", hash = "sha256:24a1d4937332bf0a38dd95bb2ce4d89723df449f6e912b52ef0e107e11fefac1"},
    {file = "PyQt5_sip-12.15.0-cp38-cp38-macosx_11_0_universal2.whl", hash = "sha256:91b9538458a3a23e033c213bc879ce64f3d0a33d5a49cbd03e1e584efe307a35"},
    {file = "PyQt5_sip-12.15.0-cp38-cp38-manylinux_2_5_x86_64.manylinux1_x86_64.whl", hash = "sha256:0c1c727ede7fdc464a1fe2e46109ba836509b2d7187a46fdeae443148ce51d1c"},
    {file = "PyQt5_sip-12.15.0-cp38-cp38-win32.whl", hash = "sha256:dd241de9c569c07bbba62bff1049996e5b52478164f61f430073a87bf6d26d33"},
    {file = "PyQt5_sip-12.15.0-cp38-cp38-win_amd64.whl", hash = "sha256:f600ae6f03e4bff91153c0dc7ebe52f90bd2b6afda58fd580e6990b3b951adc0"},
    {file = "PyQt5_sip-12.15.0-cp39-cp39-macosx_10_9_universal2.whl", hash = "sha256:c0c543d604116af26694a8a5ba90f510551ff9124d503ae5ee14bb73a61363a3"},
    {file = "PyQt5_sip-12.15.0-cp39-cp39-manylinux_2_5_x86_64.manylinux1_x86_64.whl", hash = "sha256:97f2d6e8d9b7b3d3e795d576d7f56e6257f524221f6383b33ded7287763e9f06"},
    {file = "PyQt5_sip-12.15.0-cp39-cp39-win32.whl", hash = "sha256:ed5221c6241981bd98d39504823efb9cbe36841bf8917288f8fe8fc1d5569a41"},
    {file = "PyQt5_sip-12.15.0-cp39-cp39-win_amd64.whl", hash = "sha256:7f88c85702dce80ac2e1a162054f688ed394811d6dd03a5574b3fa8111b0a6db"},
    {file = "PyQt5_sip-12.15.0.tar.gz", hash = "sha256:d23fdfcf363b5cedd9d39f8a9c5710e7d52804f5b08a58e91c638b36eafcb702"},
]

[[package]]
name = "qtpy"
version = "2.4.1"
description = "Provides an abstraction layer on top of the various Qt bindings (PyQt5/6 and PySide2/6)."
optional = false
python-versions = ">=3.7"
files = [
    {file = "QtPy-2.4.1-py3-none-any.whl", hash = "sha256:1c1d8c4fa2c884ae742b069151b0abe15b3f70491f3972698c683b8e38de839b"},
    {file = "QtPy-2.4.1.tar.gz", hash = "sha256:a5a15ffd519550a1361bdc56ffc07fda56a6af7292f17c7b395d4083af632987"},
]

[package.dependencies]
packaging = "*"

[package.extras]
test = ["pytest (>=6,!=7.0.0,!=7.0.1)", "pytest-cov (>=3.0.0)", "pytest-qt"]

[[package]]
name = "tomli"
version = "2.0.1"
description = "A lil' TOML parser"
optional = false
python-versions = ">=3.7"
files = [
    {file = "tomli-2.0.1-py3-none-any.whl", hash = "sha256:939de3e7a6161af0c887ef91b7d41a53e7c5a1ca976325f429cb46ea9bc30ecc"},
    {file = "tomli-2.0.1.tar.gz", hash = "sha256:de526c12914f0c550d15924c62d72abc48d6fe7364aa87328337a31007fe8a4f"},
]

[[package]]
name = "typing-extensions"
version = "4.12.2"
description = "Backported and Experimental Type Hints for Python 3.8+"
optional = false
python-versions = ">=3.8"
files = [
    {file = "typing_extensions-4.12.2-py3-none-any.whl", hash = "sha256:04e5ca0351e0f3f85c6853954072df659d0d13fac324d0072316b67d7794700d"},
    {file = "typing_extensions-4.12.2.tar.gz", hash = "sha256:1a7ead55c7e559dd4dee8856e3a88b41225abfe1ce8df57b7c13915fe121ffb8"},
]

[metadata]
lock-version = "2.0"
python-versions = "^3.9"
content-hash = "9890f6ed1f3075977beb40edf7923cba237615f2f7b9becf04618635bab8df2a"
